
Microsoft Visual Studio Solution File, Format Version 12.00
# Visual Studio 15
VisualStudioVersion = 15.0.28307.1972
MinimumVisualStudioVersion = 10.0.40219.1
Project("{FAE04EC0-301F-11D3-BF4B-00C04F79EFBC}") = "collectionProject", "collectionProject\collectionProject.csproj", "{40E8D915-EB93-4985-B02C-9D1DE7689D4F}"
EndProject
Global
	GlobalSection(SolutionConfigurationPlatforms) = preSolution
		Debug|Any CPU = Debug|Any CPU
		Release|Any CPU = Release|Any CPU
	EndGlobalSection
	GlobalSection(ProjectConfigurationPlatforms) = postSolution
		{40E8D915-EB93-4985-B02C-9D1DE7689D4F}.Debug|Any CPU.ActiveCfg = Debug|Any CPU
		{40E8D915-EB93-4985-B02C-9D1DE7689D4F}.Debug|Any CPU.Build.0 = Debug|Any CPU
		{40E8D915-EB93-4985-B02C-9D1DE7689D4F}.Release|Any CPU.ActiveCfg = Release|Any CPU
		{40E8D915-EB93-4985-B02C-9D1DE7689D4F}.Release|Any CPU.Build.0 = Release|Any CPU
	EndGlobalSection
	GlobalSection(SolutionProperties) = preSolution
		HideSolutionNode = FALSE
	EndGlobalSection
	GlobalSection(ExtensibilityGlobals) = postSolution
		SolutionGuid = {24F113A4-7710-4B5A-82BB-B02A137E6CDF}
	EndGlobalSection
EndGlobal
